
Microsoft Visual Studio Solution File, Format Version 12.00
# Visual Studio 14
VisualStudioVersion = 14.0.25420.1
MinimumVisualStudioVersion = 10.0.40219.1
Project("{151D2E53-A2C4-4D7D-83FE-D05416EBD58E}") = "AzureDQ1011", "AzureDQ1011\AzureDQ1011.deployproj", "{D8105418-4D40-49BD-9D2D-A3CC2622ABF4}"
EndProject
Global
	GlobalSection(SolutionConfigurationPlatforms) = preSolution
		Debug|Any CPU = Debug|Any CPU
		Release|Any CPU = Release|Any CPU
	EndGlobalSection
	GlobalSection(ProjectConfigurationPlatforms) = postSolution
		{D8105418-4D40-49BD-9D2D-A3CC2622ABF4}.Debug|Any CPU.ActiveCfg = Debug|Any CPU
		{D8105418-4D40-49BD-9D2D-A3CC2622ABF4}.Debug|Any CPU.Build.0 = Debug|Any CPU
		{D8105418-4D40-49BD-9D2D-A3CC2622ABF4}.Release|Any CPU.ActiveCfg = Release|Any CPU
		{D8105418-4D40-49BD-9D2D-A3CC2622ABF4}.Release|Any CPU.Build.0 = Release|Any CPU
	EndGlobalSection
	GlobalSection(SolutionProperties) = preSolution
		HideSolutionNode = FALSE
	EndGlobalSection
EndGlobal
